
Microsoft Visual Studio Solution File, Format Version 11.00
# Visual Studio 2010
Project("{FAE04EC0-301F-11D3-BF4B-00C04F79EFBC}") = "WpfListContextMenu", "WpfListContextMenu\WpfListContextMenu.csproj", "{2643F191-EE0D-4516-A9E1-6A18BA9A6E14}"
EndProject
Global
	GlobalSection(SolutionConfigurationPlatforms) = preSolution
		Debug|Any CPU = Debug|Any CPU
		Debug|Mixed Platforms = Debug|Mixed Platforms
		Debug|x86 = Debug|x86
		Release|Any CPU = Release|Any CPU
		Release|Mixed Platforms = Release|Mixed Platforms
		Release|x86 = Release|x86
	EndGlobalSection
	GlobalSection(ProjectConfigurationPlatforms) = postSolution
		{2643F191-EE0D-4516-A9E1-6A18BA9A6E14}.Debug|Any CPU.ActiveCfg = Debug|x86
		{2643F191-EE0D-4516-A9E1-6A18BA9A6E14}.Debug|Mixed Platforms.ActiveCfg = Debug|x86
		{2643F191-EE0D-4516-A9E1-6A18BA9A6E14}.Debug|Mixed Platforms.Build.0 = Debug|x86
		{2643F191-EE0D-4516-A9E1-6A18BA9A6E14}.Debug|x86.ActiveCfg = Debug|x86
		{2643F191-EE0D-4516-A9E1-6A18BA9A6E14}.Debug|x86.Build.0 = Debug|x86
		{2643F191-EE0D-4516-A9E1-6A18BA9A6E14}.Release|Any CPU.ActiveCfg = Release|x86
		{2643F191-EE0D-4516-A9E1-6A18BA9A6E14}.Release|Mixed Platforms.ActiveCfg = Release|x86
		{2643F191-EE0D-4516-A9E1-6A18BA9A6E14}.Release|Mixed Platforms.Build.0 = Release|x86
		{2643F191-EE0D-4516-A9E1-6A18BA9A6E14}.Release|x86.ActiveCfg = Release|x86
		{2643F191-EE0D-4516-A9E1-6A18BA9A6E14}.Release|x86.Build.0 = Release|x86
	EndGlobalSection
	GlobalSection(SolutionProperties) = preSolution
		HideSolutionNode = FALSE
	EndGlobalSection
EndGlobal
